
Microsoft Visual Studio Solution File, Format Version 12.00
# Visual Studio 14
VisualStudioVersion = 14.0.24720.0
MinimumVisualStudioVersion = 10.0.40219.1
Project("{2150E333-8FDC-42A3-9474-1A3956D46DE8}") = "LinkIO", "LinkIO", "{FCF30B38-EF93-448B-AD77-F2964B031710}"
EndProject
Project("{D954291E-2A0B-460D-934E-DC6B0785DB48}") = "POC-LinkIO.Shared", "POC-LinkIO\POC-LinkIO.Shared\POC-LinkIO.Shared.shproj", "{46342BC5-C2DA-4468-8023-6ABDC4E0ACE2}"
EndProject
Project("{FAE04EC0-301F-11D3-BF4B-00C04F79EFBC}") = "POC-LinkIO.Windows", "POC-LinkIO\POC-LinkIOIO.Windows\POC-LinkIO.Windows.csproj", "{67C30490-5058-4873-A7D0-801D74EE4691}"
EndProject
Global
	GlobalSection(SharedMSBuildProjectFiles) = preSolution
		POC-LinkIO\POC-LinkIO.Shared\POC-LinkIO.Shared.projitems*{67c30490-5058-4873-a7d0-801d74ee4691}*SharedItemsImports = 4
		POC-LinkIO\POC-LinkIO.Shared\POC-LinkIO.Shared.projitems*{46342bc5-c2da-4468-8023-6abdc4e0ace2}*SharedItemsImports = 13
	EndGlobalSection
	GlobalSection(SolutionConfigurationPlatforms) = preSolution
		Debug|Any CPU = Debug|Any CPU
		Debug|ARM = Debug|ARM
		Debug|x64 = Debug|x64
		Debug|x86 = Debug|x86
		Release|Any CPU = Release|Any CPU
		Release|ARM = Release|ARM
		Release|x64 = Release|x64
		Release|x86 = Release|x86
	EndGlobalSection
	GlobalSection(ProjectConfigurationPlatforms) = postSolution
		{67C30490-5058-4873-A7D0-801D74EE4691}.Debug|Any CPU.ActiveCfg = Debug|Any CPU
		{67C30490-5058-4873-A7D0-801D74EE4691}.Debug|Any CPU.Build.0 = Debug|Any CPU
		{67C30490-5058-4873-A7D0-801D74EE4691}.Debug|Any CPU.Deploy.0 = Debug|Any CPU
		{67C30490-5058-4873-A7D0-801D74EE4691}.Debug|ARM.ActiveCfg = Debug|ARM
		{67C30490-5058-4873-A7D0-801D74EE4691}.Debug|ARM.Build.0 = Debug|ARM
		{67C30490-5058-4873-A7D0-801D74EE4691}.Debug|ARM.Deploy.0 = Debug|ARM
		{67C30490-5058-4873-A7D0-801D74EE4691}.Debug|x64.ActiveCfg = Debug|x64
		{67C30490-5058-4873-A7D0-801D74EE4691}.Debug|x64.Build.0 = Debug|x64
		{67C30490-5058-4873-A7D0-801D74EE4691}.Debug|x64.Deploy.0 = Debug|x64
		{67C30490-5058-4873-A7D0-801D74EE4691}.Debug|x86.ActiveCfg = Debug|x86
		{67C30490-5058-4873-A7D0-801D74EE4691}.Debug|x86.Build.0 = Debug|x86
		{67C30490-5058-4873-A7D0-801D74EE4691}.Debug|x86.Deploy.0 = Debug|x86
		{67C30490-5058-4873-A7D0-801D74EE4691}.Release|Any CPU.ActiveCfg = Release|Any CPU
		{67C30490-5058-4873-A7D0-801D74EE4691}.Release|Any CPU.Build.0 = Release|Any CPU
		{67C30490-5058-4873-A7D0-801D74EE4691}.Release|Any CPU.Deploy.0 = Release|Any CPU
		{67C30490-5058-4873-A7D0-801D74EE4691}.Release|ARM.ActiveCfg = Release|ARM
		{67C30490-5058-4873-A7D0-801D74EE4691}.Release|ARM.Build.0 = Release|ARM
		{67C30490-5058-4873-A7D0-801D74EE4691}.Release|ARM.Deploy.0 = Release|ARM
		{67C30490-5058-4873-A7D0-801D74EE4691}.Release|x64.ActiveCfg = Release|x64
		{67C30490-5058-4873-A7D0-801D74EE4691}.Release|x64.Build.0 = Release|x64
		{67C30490-5058-4873-A7D0-801D74EE4691}.Release|x64.Deploy.0 = Release|x64
		{67C30490-5058-4873-A7D0-801D74EE4691}.Release|x86.ActiveCfg = Release|x86
		{67C30490-5058-4873-A7D0-801D74EE4691}.Release|x86.Build.0 = Release|x86
		{67C30490-5058-4873-A7D0-801D74EE4691}.Release|x86.Deploy.0 = Release|x86
	EndGlobalSection
	GlobalSection(SolutionProperties) = preSolution
		HideSolutionNode = FALSE
	EndGlobalSection
	GlobalSection(NestedProjects) = preSolution
		{46342BC5-C2DA-4468-8023-6ABDC4E0ACE2} = {FCF30B38-EF93-448B-AD77-F2964B031710}
		{67C30490-5058-4873-A7D0-801D74EE4691} = {FCF30B38-EF93-448B-AD77-F2964B031710}
	EndGlobalSection
EndGlobal
